github.com/atmatto/atylar v0.0.0-20220412170558-67531e495188 h1:aBC38kjdfHM3PJbW5MJiZU/h7ZBM01w5VWTTUUuQ7jI=
github.com/atmatto/atylar v0.0.0-20220412170558-67531e495188/go.mod h1:nib7K+JZe6En1Bw4OtHS3O7i1OhlMGfLaKrfuduK1/Q=
github.com/google/uuid v1.3.0 h1:t6JiXgmwXMjEs8VusXIJk2BXHsn+wx8BZdTaoZ5fu7I=
github.com/google/uuid v1.3.0/go.mod h1:TIyPZe4MgqvfeYDBFedMoGGpEw/LqOeaOT+nhxU+yHo=
